
Microsoft Visual Studio Solution File, Format Version 12.00
# Visual Studio Version 16
VisualStudioVersion = 16.0.32106.194
MinimumVisualStudioVersion = 10.0.40219.1
Project("{FAE04EC0-301F-11D3-BF4B-00C04F79EFBC}") = "Album", "Album\Album.csproj", "{71E3E71E-E8ED-4E9C-BF45-F6FAB89A3FB0}"
EndProject
Global
	GlobalSection(SolutionConfigurationPlatforms) = preSolution
		Debug|Any CPU = Debug|Any CPU
		Release|Any CPU = Release|Any CPU
	EndGlobalSection
	GlobalSection(ProjectConfigurationPlatforms) = postSolution
		{71E3E71E-E8ED-4E9C-BF45-F6FAB89A3FB0}.Debug|Any CPU.ActiveCfg = Debug|Any CPU
		{71E3E71E-E8ED-4E9C-BF45-F6FAB89A3FB0}.Debug|Any CPU.Build.0 = Debug|Any CPU
		{71E3E71E-E8ED-4E9C-BF45-F6FAB89A3FB0}.Release|Any CPU.ActiveCfg = Release|Any CPU
		{71E3E71E-E8ED-4E9C-BF45-F6FAB89A3FB0}.Release|Any CPU.Build.0 = Release|Any CPU
	EndGlobalSection
	GlobalSection(SolutionProperties) = preSolution
		HideSolutionNode = FALSE
	EndGlobalSection
	GlobalSection(ExtensibilityGlobals) = postSolution
		SolutionGuid = {CF9F9DF9-E238-4B28-B249-B61726A2927B}
	EndGlobalSection
EndGlobal
