
Microsoft Visual Studio Solution File, Format Version 12.00
# Visual Studio Version 16
VisualStudioVersion = 16.0.32106.194
MinimumVisualStudioVersion = 10.0.40219.1
Project("{FAE04EC0-301F-11D3-BF4B-00C04F79EFBC}") = "SWP391-OnlineLearning-Platform", "SWP391-OnlineLearning-Platform\SWP391-OnlineLearning-Platform.csproj", "{A885F28E-7A6F-4573-8179-F44C11D38250}"
EndProject
Global
	GlobalSection(SolutionConfigurationPlatforms) = preSolution
		Debug|Any CPU = Debug|Any CPU
		Release|Any CPU = Release|Any CPU
	EndGlobalSection
	GlobalSection(ProjectConfigurationPlatforms) = postSolution
		{A885F28E-7A6F-4573-8179-F44C11D38250}.Debug|Any CPU.ActiveCfg = Debug|Any CPU
		{A885F28E-7A6F-4573-8179-F44C11D38250}.Debug|Any CPU.Build.0 = Debug|Any CPU
		{A885F28E-7A6F-4573-8179-F44C11D38250}.Release|Any CPU.ActiveCfg = Release|Any CPU
		{A885F28E-7A6F-4573-8179-F44C11D38250}.Release|Any CPU.Build.0 = Release|Any CPU
	EndGlobalSection
	GlobalSection(SolutionProperties) = preSolution
		HideSolutionNode = FALSE
	EndGlobalSection
	GlobalSection(ExtensibilityGlobals) = postSolution
		SolutionGuid = {625F2E1E-CBE0-481C-B200-4F6C85E729F3}
	EndGlobalSection
EndGlobal
